
Microsoft Visual Studio Solution File, Format Version 12.00
# Visual Studio Version 16
VisualStudioVersion = 16.0.30907.101
MinimumVisualStudioVersion = 10.0.40219.1
Project("{FAE04EC0-301F-11D3-BF4B-00C04F79EFBC}") = "1Класс", "1Класс\1Класс.csproj", "{34956E11-FE03-43DB-A659-2CF7982D68BB}"
EndProject
Global
	GlobalSection(SolutionConfigurationPlatforms) = preSolution
		Debug|Any CPU = Debug|Any CPU
		Release|Any CPU = Release|Any CPU
	EndGlobalSection
	GlobalSection(ProjectConfigurationPlatforms) = postSolution
		{34956E11-FE03-43DB-A659-2CF7982D68BB}.Debug|Any CPU.ActiveCfg = Debug|Any CPU
		{34956E11-FE03-43DB-A659-2CF7982D68BB}.Debug|Any CPU.Build.0 = Debug|Any CPU
		{34956E11-FE03-43DB-A659-2CF7982D68BB}.Release|Any CPU.ActiveCfg = Release|Any CPU
		{34956E11-FE03-43DB-A659-2CF7982D68BB}.Release|Any CPU.Build.0 = Release|Any CPU
	EndGlobalSection
	GlobalSection(SolutionProperties) = preSolution
		HideSolutionNode = FALSE
	EndGlobalSection
	GlobalSection(ExtensibilityGlobals) = postSolution
		SolutionGuid = {B1094E7A-7584-4B0A-8C9B-A72BF8BFE56A}
	EndGlobalSection
EndGlobal
